
Microsoft Visual Studio Solution File, Format Version 12.00
# Visual Studio Version 17
VisualStudioVersion = 17.12.35506.116
MinimumVisualStudioVersion = 10.0.40219.1
Project("{FAE04EC0-301F-11D3-BF4B-00C04F79EFBC}") = "ssAppModels", "ssAppModels\ssAppModels.csproj", "{FDB0895A-6F58-4669-B99C-38D89F934250}"
EndProject
Project("{FAE04EC0-301F-11D3-BF4B-00C04F79EFBC}") = "ssAppServices", "ssAppServices\ssAppServices.csproj", "{37AFEBD8-81B0-4396-AF6B-AEF065CC881F}"
EndProject
Project("{FAE04EC0-301F-11D3-BF4B-00C04F79EFBC}") = "ssAppTests", "ssAppTests\ssAppTests.csproj", "{C58EA7AD-C8B6-4116-AE25-5310D8753F55}"
EndProject
Project("{FAE04EC0-301F-11D3-BF4B-00C04F79EFBC}") = "ssAppCommon", "ssAppCommon\ssAppCommon.csproj", "{105761D3-02B2-41AC-9AEE-F2B359D711A0}"
EndProject
Project("{FAE04EC0-301F-11D3-BF4B-00C04F79EFBC}") = "ssAppJob", "ssAppJob\ssAppJob.csproj", "{18F3BC47-BA37-4BDD-8BE0-1C2DF93CB8BE}"
EndProject
Project("{FAE04EC0-301F-11D3-BF4B-00C04F79EFBC}") = "NormalizeJapaneseAddressesNET", "Libraries\NormalizeJapaneseAddressesNET-master\NormalizeJapaneseAddressesNET\NormalizeJapaneseAddressesNET.csproj", "{B33644F6-39FE-445A-9BA9-B1C7F7D79C4E}"
EndProject
Global
	GlobalSection(SolutionConfigurationPlatforms) = preSolution
		Debug|Any CPU = Debug|Any CPU
		Debug|ARM64 = Debug|ARM64
		Debug|x64 = Debug|x64
		Release|Any CPU = Release|Any CPU
		Release|ARM64 = Release|ARM64
		Release|x64 = Release|x64
	EndGlobalSection
	GlobalSection(ProjectConfigurationPlatforms) = postSolution
		{FDB0895A-6F58-4669-B99C-38D89F934250}.Debug|Any CPU.ActiveCfg = Debug|Any CPU
		{FDB0895A-6F58-4669-B99C-38D89F934250}.Debug|Any CPU.Build.0 = Debug|Any CPU
		{FDB0895A-6F58-4669-B99C-38D89F934250}.Debug|ARM64.ActiveCfg = Debug|Any CPU
		{FDB0895A-6F58-4669-B99C-38D89F934250}.Debug|ARM64.Build.0 = Debug|Any CPU
		{FDB0895A-6F58-4669-B99C-38D89F934250}.Debug|x64.ActiveCfg = Debug|x64
		{FDB0895A-6F58-4669-B99C-38D89F934250}.Debug|x64.Build.0 = Debug|x64
		{FDB0895A-6F58-4669-B99C-38D89F934250}.Release|Any CPU.ActiveCfg = Release|Any CPU
		{FDB0895A-6F58-4669-B99C-38D89F934250}.Release|Any CPU.Build.0 = Release|Any CPU
		{FDB0895A-6F58-4669-B99C-38D89F934250}.Release|ARM64.ActiveCfg = Release|Any CPU
		{FDB0895A-6F58-4669-B99C-38D89F934250}.Release|ARM64.Build.0 = Release|Any CPU
		{FDB0895A-6F58-4669-B99C-38D89F934250}.Release|x64.ActiveCfg = Release|x64
		{FDB0895A-6F58-4669-B99C-38D89F934250}.Release|x64.Build.0 = Release|x64
		{37AFEBD8-81B0-4396-AF6B-AEF065CC881F}.Debug|Any CPU.ActiveCfg = Debug|Any CPU
		{37AFEBD8-81B0-4396-AF6B-AEF065CC881F}.Debug|Any CPU.Build.0 = Debug|Any CPU
		{37AFEBD8-81B0-4396-AF6B-AEF065CC881F}.Debug|ARM64.ActiveCfg = Debug|Any CPU
		{37AFEBD8-81B0-4396-AF6B-AEF065CC881F}.Debug|ARM64.Build.0 = Debug|Any CPU
		{37AFEBD8-81B0-4396-AF6B-AEF065CC881F}.Debug|x64.ActiveCfg = Debug|x64
		{37AFEBD8-81B0-4396-AF6B-AEF065CC881F}.Debug|x64.Build.0 = Debug|x64
		{37AFEBD8-81B0-4396-AF6B-AEF065CC881F}.Release|Any CPU.ActiveCfg = Release|Any CPU
		{37AFEBD8-81B0-4396-AF6B-AEF065CC881F}.Release|Any CPU.Build.0 = Release|Any CPU
		{37AFEBD8-81B0-4396-AF6B-AEF065CC881F}.Release|ARM64.ActiveCfg = Release|Any CPU
		{37AFEBD8-81B0-4396-AF6B-AEF065CC881F}.Release|ARM64.Build.0 = Release|Any CPU
		{37AFEBD8-81B0-4396-AF6B-AEF065CC881F}.Release|x64.ActiveCfg = Release|x64
		{37AFEBD8-81B0-4396-AF6B-AEF065CC881F}.Release|x64.Build.0 = Release|x64
		{C58EA7AD-C8B6-4116-AE25-5310D8753F55}.Debug|Any CPU.ActiveCfg = Debug|Any CPU
		{C58EA7AD-C8B6-4116-AE25-5310D8753F55}.Debug|Any CPU.Build.0 = Debug|Any CPU
		{C58EA7AD-C8B6-4116-AE25-5310D8753F55}.Debug|ARM64.ActiveCfg = Debug|Any CPU
		{C58EA7AD-C8B6-4116-AE25-5310D8753F55}.Debug|ARM64.Build.0 = Debug|Any CPU
		{C58EA7AD-C8B6-4116-AE25-5310D8753F55}.Debug|x64.ActiveCfg = Debug|x64
		{C58EA7AD-C8B6-4116-AE25-5310D8753F55}.Debug|x64.Build.0 = Debug|x64
		{C58EA7AD-C8B6-4116-AE25-5310D8753F55}.Release|Any CPU.ActiveCfg = Release|Any CPU
		{C58EA7AD-C8B6-4116-AE25-5310D8753F55}.Release|Any CPU.Build.0 = Release|Any CPU
		{C58EA7AD-C8B6-4116-AE25-5310D8753F55}.Release|ARM64.ActiveCfg = Release|Any CPU
		{C58EA7AD-C8B6-4116-AE25-5310D8753F55}.Release|ARM64.Build.0 = Release|Any CPU
		{C58EA7AD-C8B6-4116-AE25-5310D8753F55}.Release|x64.ActiveCfg = Release|x64
		{C58EA7AD-C8B6-4116-AE25-5310D8753F55}.Release|x64.Build.0 = Release|x64
		{105761D3-02B2-41AC-9AEE-F2B359D711A0}.Debug|Any CPU.ActiveCfg = Debug|Any CPU
		{105761D3-02B2-41AC-9AEE-F2B359D711A0}.Debug|Any CPU.Build.0 = Debug|Any CPU
		{105761D3-02B2-41AC-9AEE-F2B359D711A0}.Debug|ARM64.ActiveCfg = Debug|Any CPU
		{105761D3-02B2-41AC-9AEE-F2B359D711A0}.Debug|ARM64.Build.0 = Debug|Any CPU
		{105761D3-02B2-41AC-9AEE-F2B359D711A0}.Debug|x64.ActiveCfg = Debug|x64
		{105761D3-02B2-41AC-9AEE-F2B359D711A0}.Debug|x64.Build.0 = Debug|x64
		{105761D3-02B2-41AC-9AEE-F2B359D711A0}.Release|Any CPU.ActiveCfg = Release|Any CPU
		{105761D3-02B2-41AC-9AEE-F2B359D711A0}.Release|Any CPU.Build.0 = Release|Any CPU
		{105761D3-02B2-41AC-9AEE-F2B359D711A0}.Release|ARM64.ActiveCfg = Release|Any CPU
		{105761D3-02B2-41AC-9AEE-F2B359D711A0}.Release|ARM64.Build.0 = Release|Any CPU
		{105761D3-02B2-41AC-9AEE-F2B359D711A0}.Release|x64.ActiveCfg = Release|x64
		{105761D3-02B2-41AC-9AEE-F2B359D711A0}.Release|x64.Build.0 = Release|x64
		{18F3BC47-BA37-4BDD-8BE0-1C2DF93CB8BE}.Debug|Any CPU.ActiveCfg = Debug|Any CPU
		{18F3BC47-BA37-4BDD-8BE0-1C2DF93CB8BE}.Debug|Any CPU.Build.0 = Debug|Any CPU
		{18F3BC47-BA37-4BDD-8BE0-1C2DF93CB8BE}.Debug|ARM64.ActiveCfg = Debug|Any CPU
		{18F3BC47-BA37-4BDD-8BE0-1C2DF93CB8BE}.Debug|ARM64.Build.0 = Debug|Any CPU
		{18F3BC47-BA37-4BDD-8BE0-1C2DF93CB8BE}.Debug|x64.ActiveCfg = Debug|x64
		{18F3BC47-BA37-4BDD-8BE0-1C2DF93CB8BE}.Debug|x64.Build.0 = Debug|x64
		{18F3BC47-BA37-4BDD-8BE0-1C2DF93CB8BE}.Release|Any CPU.ActiveCfg = Release|Any CPU
		{18F3BC47-BA37-4BDD-8BE0-1C2DF93CB8BE}.Release|Any CPU.Build.0 = Release|Any CPU
		{18F3BC47-BA37-4BDD-8BE0-1C2DF93CB8BE}.Release|ARM64.ActiveCfg = Release|Any CPU
		{18F3BC47-BA37-4BDD-8BE0-1C2DF93CB8BE}.Release|ARM64.Build.0 = Release|Any CPU
		{18F3BC47-BA37-4BDD-8BE0-1C2DF93CB8BE}.Release|x64.ActiveCfg = Release|x64
		{18F3BC47-BA37-4BDD-8BE0-1C2DF93CB8BE}.Release|x64.Build.0 = Release|x64
		{B33644F6-39FE-445A-9BA9-B1C7F7D79C4E}.Debug|Any CPU.ActiveCfg = Debug|Any CPU
		{B33644F6-39FE-445A-9BA9-B1C7F7D79C4E}.Debug|Any CPU.Build.0 = Debug|Any CPU
		{B33644F6-39FE-445A-9BA9-B1C7F7D79C4E}.Debug|ARM64.ActiveCfg = Debug|Any CPU
		{B33644F6-39FE-445A-9BA9-B1C7F7D79C4E}.Debug|ARM64.Build.0 = Debug|Any CPU
		{B33644F6-39FE-445A-9BA9-B1C7F7D79C4E}.Debug|x64.ActiveCfg = Debug|x64
		{B33644F6-39FE-445A-9BA9-B1C7F7D79C4E}.Debug|x64.Build.0 = Debug|x64
		{B33644F6-39FE-445A-9BA9-B1C7F7D79C4E}.Release|Any CPU.ActiveCfg = Release|Any CPU
		{B33644F6-39FE-445A-9BA9-B1C7F7D79C4E}.Release|Any CPU.Build.0 = Release|Any CPU
		{B33644F6-39FE-445A-9BA9-B1C7F7D79C4E}.Release|ARM64.ActiveCfg = Release|Any CPU
		{B33644F6-39FE-445A-9BA9-B1C7F7D79C4E}.Release|ARM64.Build.0 = Release|Any CPU
		{B33644F6-39FE-445A-9BA9-B1C7F7D79C4E}.Release|x64.ActiveCfg = Release|x64
		{B33644F6-39FE-445A-9BA9-B1C7F7D79C4E}.Release|x64.Build.0 = Release|x64
	EndGlobalSection
	GlobalSection(SolutionProperties) = preSolution
		HideSolutionNode = FALSE
	EndGlobalSection
EndGlobal
